
Microsoft Visual Studio Solution File, Format Version 12.00
# Visual Studio Version 16
VisualStudioVersion = 16.0.30114.105
MinimumVisualStudioVersion = 10.0.40219.1
Project("{FAE04EC0-301F-11D3-BF4B-00C04F79EFBC}") = "API", "API\API.csproj", "{FEDD2630-618C-4A98-BD8D-4DAC3CCAB1E6}"
EndProject
Project("{FAE04EC0-301F-11D3-BF4B-00C04F79EFBC}") = "Core", "Core\Core.csproj", "{264765F7-884E-420F-9EB7-7D324C91B592}"
EndProject
Project("{FAE04EC0-301F-11D3-BF4B-00C04F79EFBC}") = "Infrastructure", "Infrastructure\Infrastructure.csproj", "{C2406637-5CDC-4788-843E-8919C3E64E5A}"
EndProject
Global
	GlobalSection(SolutionConfigurationPlatforms) = preSolution
		Debug|Any CPU = Debug|Any CPU
		Release|Any CPU = Release|Any CPU
	EndGlobalSection
	GlobalSection(SolutionProperties) = preSolution
		HideSolutionNode = FALSE
	EndGlobalSection
	GlobalSection(ProjectConfigurationPlatforms) = postSolution
		{FEDD2630-618C-4A98-BD8D-4DAC3CCAB1E6}.Debug|Any CPU.ActiveCfg = Debug|Any CPU
		{FEDD2630-618C-4A98-BD8D-4DAC3CCAB1E6}.Debug|Any CPU.Build.0 = Debug|Any CPU
		{FEDD2630-618C-4A98-BD8D-4DAC3CCAB1E6}.Release|Any CPU.ActiveCfg = Release|Any CPU
		{FEDD2630-618C-4A98-BD8D-4DAC3CCAB1E6}.Release|Any CPU.Build.0 = Release|Any CPU
		{264765F7-884E-420F-9EB7-7D324C91B592}.Debug|Any CPU.ActiveCfg = Debug|Any CPU
		{264765F7-884E-420F-9EB7-7D324C91B592}.Debug|Any CPU.Build.0 = Debug|Any CPU
		{264765F7-884E-420F-9EB7-7D324C91B592}.Release|Any CPU.ActiveCfg = Release|Any CPU
		{264765F7-884E-420F-9EB7-7D324C91B592}.Release|Any CPU.Build.0 = Release|Any CPU
		{C2406637-5CDC-4788-843E-8919C3E64E5A}.Debug|Any CPU.ActiveCfg = Debug|Any CPU
		{C2406637-5CDC-4788-843E-8919C3E64E5A}.Debug|Any CPU.Build.0 = Debug|Any CPU
		{C2406637-5CDC-4788-843E-8919C3E64E5A}.Release|Any CPU.ActiveCfg = Release|Any CPU
		{C2406637-5CDC-4788-843E-8919C3E64E5A}.Release|Any CPU.Build.0 = Release|Any CPU
	EndGlobalSection
EndGlobal
